
Microsoft Visual Studio Solution File, Format Version 12.00
# Visual Studio Version 17
VisualStudioVersion = 17.13.35828.75
MinimumVisualStudioVersion = 10.0.40219.1
Project("{FAE04EC0-301F-11D3-BF4B-00C04F79EFBC}") = "001.Redis.DataStructure.STRING", "001.Redis.DataStructure.STRING\001.Redis.DataStructure.STRING.csproj", "{668F5F07-5BE4-4039-AC2C-6C881C043E91}"
EndProject
Project("{FAE04EC0-301F-11D3-BF4B-00C04F79EFBC}") = "002.Redis.DataStructure.LIST", "002.Redis.DataStructure.LIST\002.Redis.DataStructure.LIST.csproj", "{E9500B7C-05FD-4A84-BFB6-E8F94562E231}"
EndProject
Project("{FAE04EC0-301F-11D3-BF4B-00C04F79EFBC}") = "003.Redis.DataStructure.SET", "003.Redis.DataStructure.SET\003.Redis.DataStructure.SET.csproj", "{5A255A3A-24AB-4CE0-98D9-D211DE013C10}"
EndProject
Project("{FAE04EC0-301F-11D3-BF4B-00C04F79EFBC}") = "004.Redis.DataStructure.HASH", "004.Redis.DataStructure.HASH\004.Redis.DataStructure.HASH.csproj", "{FBD38309-F071-4329-A5A6-7C5CBEB0E213}"
EndProject
Project("{FAE04EC0-301F-11D3-BF4B-00C04F79EFBC}") = "005.Redis.DataStructure.ZSET", "005.Redis.DataStructure.ZSET\005.Redis.DataStructure.ZSET.csproj", "{26A4C9B7-F07F-40BD-A7F0-5E2528A01740}"
EndProject
Project("{FAE04EC0-301F-11D3-BF4B-00C04F79EFBC}") = "006.Sample.Project.Voting.on.Articles", "006.Sample.Project.Voting.on.Articles\006.Sample.Project.Voting.on.Articles.csproj", "{D5D16B5E-6B4F-43F0-9AEF-F6873A3C9836}"
EndProject
Project("{FAE04EC0-301F-11D3-BF4B-00C04F79EFBC}") = "007.Redis.DataStructure.STRING.Command", "007.Redis.DataStructure.STRING.Command\007.Redis.DataStructure.STRING.Command.csproj", "{194409C1-5E21-404F-B27C-2DAE108E0C9E}"
EndProject
Project("{FAE04EC0-301F-11D3-BF4B-00C04F79EFBC}") = "008.Redis.DataStructure.LIST.Command", "008.Redis.DataStructure.LIST.Command\008.Redis.DataStructure.LIST.Command.csproj", "{D054CB89-8988-4D48-95E3-9D77494F6BF3}"
EndProject
Project("{FAE04EC0-301F-11D3-BF4B-00C04F79EFBC}") = "009.Redis.DataStructure.SET.Command", "009.Redis.DataStructure.SET.Command\009.Redis.DataStructure.SET.Command.csproj", "{EC56428F-509A-4358-9034-94212144B4A3}"
EndProject
Project("{FAE04EC0-301F-11D3-BF4B-00C04F79EFBC}") = "010.Redis.DataStructure.HASH.Command", "010.Redis.DataStructure.HASH.Command\010.Redis.DataStructure.HASH.Command.csproj", "{FEB5489B-BDD6-4EE5-9032-31265FBAE7CF}"
EndProject
Project("{FAE04EC0-301F-11D3-BF4B-00C04F79EFBC}") = "011.Redis.DataStructure.ZSET.Command", "011.Redis.DataStructure.ZSET.Command\011.Redis.DataStructure.ZSET.Command.csproj", "{82138DF4-FC55-41F8-A004-876DB44FA5D1}"
EndProject
Project("{FAE04EC0-301F-11D3-BF4B-00C04F79EFBC}") = "012.Redis.Publish.Subscribe", "012.Redis.Publish.Subscribe\012.Redis.Publish.Subscribe.csproj", "{5FE0AA62-A8AE-49E1-BF29-D390DBEA3EFF}"
EndProject
Global
	GlobalSection(SolutionConfigurationPlatforms) = preSolution
		Debug|Any CPU = Debug|Any CPU
		Release|Any CPU = Release|Any CPU
	EndGlobalSection
	GlobalSection(ProjectConfigurationPlatforms) = postSolution
		{668F5F07-5BE4-4039-AC2C-6C881C043E91}.Debug|Any CPU.ActiveCfg = Debug|Any CPU
		{668F5F07-5BE4-4039-AC2C-6C881C043E91}.Debug|Any CPU.Build.0 = Debug|Any CPU
		{668F5F07-5BE4-4039-AC2C-6C881C043E91}.Release|Any CPU.ActiveCfg = Release|Any CPU
		{668F5F07-5BE4-4039-AC2C-6C881C043E91}.Release|Any CPU.Build.0 = Release|Any CPU
		{E9500B7C-05FD-4A84-BFB6-E8F94562E231}.Debug|Any CPU.ActiveCfg = Debug|Any CPU
		{E9500B7C-05FD-4A84-BFB6-E8F94562E231}.Debug|Any CPU.Build.0 = Debug|Any CPU
		{E9500B7C-05FD-4A84-BFB6-E8F94562E231}.Release|Any CPU.ActiveCfg = Release|Any CPU
		{E9500B7C-05FD-4A84-BFB6-E8F94562E231}.Release|Any CPU.Build.0 = Release|Any CPU
		{5A255A3A-24AB-4CE0-98D9-D211DE013C10}.Debug|Any CPU.ActiveCfg = Debug|Any CPU
		{5A255A3A-24AB-4CE0-98D9-D211DE013C10}.Debug|Any CPU.Build.0 = Debug|Any CPU
		{5A255A3A-24AB-4CE0-98D9-D211DE013C10}.Release|Any CPU.ActiveCfg = Release|Any CPU
		{5A255A3A-24AB-4CE0-98D9-D211DE013C10}.Release|Any CPU.Build.0 = Release|Any CPU
		{FBD38309-F071-4329-A5A6-7C5CBEB0E213}.Debug|Any CPU.ActiveCfg = Debug|Any CPU
		{FBD38309-F071-4329-A5A6-7C5CBEB0E213}.Debug|Any CPU.Build.0 = Debug|Any CPU
		{FBD38309-F071-4329-A5A6-7C5CBEB0E213}.Release|Any CPU.ActiveCfg = Release|Any CPU
		{FBD38309-F071-4329-A5A6-7C5CBEB0E213}.Release|Any CPU.Build.0 = Release|Any CPU
		{26A4C9B7-F07F-40BD-A7F0-5E2528A01740}.Debug|Any CPU.ActiveCfg = Debug|Any CPU
		{26A4C9B7-F07F-40BD-A7F0-5E2528A01740}.Debug|Any CPU.Build.0 = Debug|Any CPU
		{26A4C9B7-F07F-40BD-A7F0-5E2528A01740}.Release|Any CPU.ActiveCfg = Release|Any CPU
		{26A4C9B7-F07F-40BD-A7F0-5E2528A01740}.Release|Any CPU.Build.0 = Release|Any CPU
		{D5D16B5E-6B4F-43F0-9AEF-F6873A3C9836}.Debug|Any CPU.ActiveCfg = Debug|Any CPU
		{D5D16B5E-6B4F-43F0-9AEF-F6873A3C9836}.Debug|Any CPU.Build.0 = Debug|Any CPU
		{D5D16B5E-6B4F-43F0-9AEF-F6873A3C9836}.Release|Any CPU.ActiveCfg = Release|Any CPU
		{D5D16B5E-6B4F-43F0-9AEF-F6873A3C9836}.Release|Any CPU.Build.0 = Release|Any CPU
		{194409C1-5E21-404F-B27C-2DAE108E0C9E}.Debug|Any CPU.ActiveCfg = Debug|Any CPU
		{194409C1-5E21-404F-B27C-2DAE108E0C9E}.Debug|Any CPU.Build.0 = Debug|Any CPU
		{194409C1-5E21-404F-B27C-2DAE108E0C9E}.Release|Any CPU.ActiveCfg = Release|Any CPU
		{194409C1-5E21-404F-B27C-2DAE108E0C9E}.Release|Any CPU.Build.0 = Release|Any CPU
		{D054CB89-8988-4D48-95E3-9D77494F6BF3}.Debug|Any CPU.ActiveCfg = Debug|Any CPU
		{D054CB89-8988-4D48-95E3-9D77494F6BF3}.Debug|Any CPU.Build.0 = Debug|Any CPU
		{D054CB89-8988-4D48-95E3-9D77494F6BF3}.Release|Any CPU.ActiveCfg = Release|Any CPU
		{D054CB89-8988-4D48-95E3-9D77494F6BF3}.Release|Any CPU.Build.0 = Release|Any CPU
		{EC56428F-509A-4358-9034-94212144B4A3}.Debug|Any CPU.ActiveCfg = Debug|Any CPU
		{EC56428F-509A-4358-9034-94212144B4A3}.Debug|Any CPU.Build.0 = Debug|Any CPU
		{EC56428F-509A-4358-9034-94212144B4A3}.Release|Any CPU.ActiveCfg = Release|Any CPU
		{EC56428F-509A-4358-9034-94212144B4A3}.Release|Any CPU.Build.0 = Release|Any CPU
		{FEB5489B-BDD6-4EE5-9032-31265FBAE7CF}.Debug|Any CPU.ActiveCfg = Debug|Any CPU
		{FEB5489B-BDD6-4EE5-9032-31265FBAE7CF}.Debug|Any CPU.Build.0 = Debug|Any CPU
		{FEB5489B-BDD6-4EE5-9032-31265FBAE7CF}.Release|Any CPU.ActiveCfg = Release|Any CPU
		{FEB5489B-BDD6-4EE5-9032-31265FBAE7CF}.Release|Any CPU.Build.0 = Release|Any CPU
		{82138DF4-FC55-41F8-A004-876DB44FA5D1}.Debug|Any CPU.ActiveCfg = Debug|Any CPU
		{82138DF4-FC55-41F8-A004-876DB44FA5D1}.Debug|Any CPU.Build.0 = Debug|Any CPU
		{82138DF4-FC55-41F8-A004-876DB44FA5D1}.Release|Any CPU.ActiveCfg = Release|Any CPU
		{82138DF4-FC55-41F8-A004-876DB44FA5D1}.Release|Any CPU.Build.0 = Release|Any CPU
		{5FE0AA62-A8AE-49E1-BF29-D390DBEA3EFF}.Debug|Any CPU.ActiveCfg = Debug|Any CPU
		{5FE0AA62-A8AE-49E1-BF29-D390DBEA3EFF}.Debug|Any CPU.Build.0 = Debug|Any CPU
		{5FE0AA62-A8AE-49E1-BF29-D390DBEA3EFF}.Release|Any CPU.ActiveCfg = Release|Any CPU
		{5FE0AA62-A8AE-49E1-BF29-D390DBEA3EFF}.Release|Any CPU.Build.0 = Release|Any CPU
	EndGlobalSection
	GlobalSection(SolutionProperties) = preSolution
		HideSolutionNode = FALSE
	EndGlobalSection
	GlobalSection(ExtensibilityGlobals) = postSolution
		SolutionGuid = {214B690F-313F-424B-B26A-25FAE8A8BDCE}
	EndGlobalSection
EndGlobal
